{
  "name": "autocrud",
  "lockfileVersion": 3,
  "requires": true,
  "packages": {
    "": {
      "dependencies": {
        "@js-joda/core": "^5.6.5"
      }
    },
    "node_modules/@js-joda/core": {
      "version": "5.6.5",
      "resolved": "https://registry.npmjs.org/@js-joda/core/-/core-5.6.5.tgz",
      "integrity": "sha512-3zwefSMwHpu8iVUW8YYz227sIv6UFqO31p1Bf1ZH/Vom7CmNyUsXjDBlnNzcuhmOL1XfxZ3nvND42kR23XlbcQ==",
      "license": "BSD-3-Clause"
    }
  }
}
